// !$*UTF8*$!
{
	archiveVersion = 1;
	classes = {
	};
	objectVersion = 46;
	objects = {

/* Begin PBXBuildFile section */
		6E0D7DBB18CCFF4200E99516 /* NSMutableDictionary+VMExtension.h in Headers */ = {isa = PBXBuildFile; fileRef = 6E0D7DB918CCFF4200E99516 /* NSMutableDictionary+VMExtension.h */; settings = {ATTRIBUTES = (Public, ); }; };
		6E0D7DBC18CCFF4200E99516 /* NSMutableDictionary+VMExtension.m in Sources */ = {isa = PBXBuildFile; fileRef = 6E0D7DBA18CCFF4200E99516 /* NSMutableDictionary+VMExtension.m */; };
		6E0D7DBF18CD088100E99516 /* NSMutableArray+VMExtension.h in Headers */ = {isa = PBXBuildFile; fileRef = 6E0D7DBD18CD088100E99516 /* NSMutableArray+VMExtension.h */; settings = {ATTRIBUTES = (Public, ); }; };
		6E0D7DC018CD088100E99516 /* NSMutableArray+VMExtension.m in Sources */ = {isa = PBXBuildFile; fileRef = 6E0D7DBE18CD088100E99516 /* NSMutableArray+VMExtension.m */; };
		6E1C97D118F4732D008059A8 /* VMViewController.h in Headers */ = {isa = PBXBuildFile; fileRef = 6E1C97CF18F4732D008059A8 /* VMViewController.h */; settings = {ATTRIBUTES = (Public, ); }; };
		6E1C97D218F4732D008059A8 /* VMViewController.m in Sources */ = {isa = PBXBuildFile; fileRef = 6E1C97D018F4732D008059A8 /* VMViewController.m */; };
		6E1C97D618F477CA008059A8 /* VMContext.h in Headers */ = {isa = PBXBuildFile; fileRef = 6E1C97D418F477CA008059A8 /* VMContext.h */; settings = {ATTRIBUTES = (Public, ); }; };
		6E1C97D718F477CA008059A8 /* VMContext.m in Sources */ = {isa = PBXBuildFile; fileRef = 6E1C97D518F477CA008059A8 /* VMContext.m */; };
		6E1C97DD18F47C7A008059A8 /* VMClassCheckUtils.h in Headers */ = {isa = PBXBuildFile; fileRef = 6E1C97DB18F47C7A008059A8 /* VMClassCheckUtils.h */; settings = {ATTRIBUTES = (Public, ); }; };
		6E1C97DE18F47C7A008059A8 /* VMClassCheckUtils.m in Sources */ = {isa = PBXBuildFile; fileRef = 6E1C97DC18F47C7A008059A8 /* VMClassCheckUtils.m */; };
		6E2677621A17FC7400A42ECB /* BlumenkranzFramework.h in Headers */ = {isa = PBXBuildFile; fileRef = 6E2677611A17FC7400A42ECB /* BlumenkranzFramework.h */; settings = {ATTRIBUTES = (Public, ); }; };
		6E26777B1A17FCAE00A42ECB /* UIKit.framework in Frameworks */ = {isa = PBXBuildFile; fileRef = 6EA8DAEC18C8FB1D00F04908 /* UIKit.framework */; };
		6E26777C1A17FCB300A42ECB /* Foundation.framework in Frameworks */ = {isa = PBXBuildFile; fileRef = 6E37F12618C8F734000BD94B /* Foundation.framework */; };
		6E26777D1A17FCBB00A42ECB /* GameKit.framework in Frameworks */ = {isa = PBXBuildFile; fileRef = 6EFA223318CBAA7500F7EA40 /* GameKit.framework */; };
		6E26777F1A17FD2500A42ECB /* VMActiveModel.h in Headers */ = {isa = PBXBuildFile; fileRef = 6ED45C4119140CE50022AAF9 /* VMActiveModel.h */; settings = {ATTRIBUTES = (Public, ); }; };
		6E2677801A17FD2500A42ECB /* VMActiveModel.m in Sources */ = {isa = PBXBuildFile; fileRef = 6ED45C4219140CE50022AAF9 /* VMActiveModel.m */; };
		6E2677811A17FD2500A42ECB /* VMValidatableModel.h in Headers */ = {isa = PBXBuildFile; fileRef = 6EA2F4A619155EF200D4DCFC /* VMValidatableModel.h */; settings = {ATTRIBUTES = (Public, ); }; };
		6E2677821A17FD2500A42ECB /* VMValidatableModel.m in Sources */ = {isa = PBXBuildFile; fileRef = 6EA2F4A719155EF200D4DCFC /* VMValidatableModel.m */; };
		6E2677831A17FD2500A42ECB /* VMActiveModelManipulating.h in Headers */ = {isa = PBXBuildFile; fileRef = 6ED45C4519140D220022AAF9 /* VMActiveModelManipulating.h */; settings = {ATTRIBUTES = (Public, ); }; };
		6E2677841A17FD2500A42ECB /* VMModelValidating.h in Headers */ = {isa = PBXBuildFile; fileRef = 6EA2F4AA19155F1100D4DCFC /* VMModelValidating.h */; settings = {ATTRIBUTES = (Public, ); }; };
		6E2677851A17FD2500A42ECB /* VMActiveModelValidation.h in Headers */ = {isa = PBXBuildFile; fileRef = 6ED45C4719140F570022AAF9 /* VMActiveModelValidation.h */; settings = {ATTRIBUTES = (Public, ); }; };
		6E2677861A17FD2C00A42ECB /* VMKeyProviding.h in Headers */ = {isa = PBXBuildFile; fileRef = 6ED4831E19043F6300C82AA1 /* VMKeyProviding.h */; settings = {ATTRIBUTES = (Public, ); }; };
		6E2677871A17FD4A00A42ECB /* VMContextProviding.h in Headers */ = {isa = PBXBuildFile; fileRef = 6E1C97D918F478D7008059A8 /* VMContextProviding.h */; settings = {ATTRIBUTES = (Public, ); }; };
		6E2677881A17FD5200A42ECB /* VMContext.h in Headers */ = {isa = PBXBuildFile; fileRef = 6E1C97D418F477CA008059A8 /* VMContext.h */; settings = {ATTRIBUTES = (Public, ); }; };
		6E2677891A17FD5200A42ECB /* VMContext.m in Sources */ = {isa = PBXBuildFile; fileRef = 6E1C97D518F477CA008059A8 /* VMContext.m */; };
		6E26778A1A17FD5200A42ECB /* VMInjection.h in Headers */ = {isa = PBXBuildFile; fileRef = 6E1C97D818F477F5008059A8 /* VMInjection.h */; settings = {ATTRIBUTES = (Public, ); }; };
		6E26778B1A17FD5200A42ECB /* VMContextInjecting.h in Headers */ = {isa = PBXBuildFile; fileRef = 6ED483161904387400C82AA1 /* VMContextInjecting.h */; settings = {ATTRIBUTES = (Public, ); }; };
		6E26778C1A17FD5200A42ECB /* VMContextProviding.h in Headers */ = {isa = PBXBuildFile; fileRef = 6E1C97D918F478D7008059A8 /* VMContextProviding.h */; settings = {ATTRIBUTES = (Public, ); }; };
		6E26778D1A17FD5200A42ECB /* VMContextBindingManager.h in Headers */ = {isa = PBXBuildFile; fileRef = 6ED4831919043C2E00C82AA1 /* VMContextBindingManager.h */; settings = {ATTRIBUTES = (Public, ); }; };
		6E26778E1A17FD5200A42ECB /* VMContextBindingManager.m in Sources */ = {isa = PBXBuildFile; fileRef = 6ED4831A19043C2E00C82AA1 /* VMContextBindingManager.m */; };
		6E26778F1A17FD5800A42ECB /* VMGameCenterService.h in Headers */ = {isa = PBXBuildFile; fileRef = 6EFA222F18CBAA6200F7EA40 /* VMGameCenterService.h */; settings = {ATTRIBUTES = (Public, ); }; };
		6E2677901A17FD5800A42ECB /* VMGameCenterService.m in Sources */ = {isa = PBXBuildFile; fileRef = 6EFA223018CBAA6200F7EA40 /* VMGameCenterService.m */; };
		6E2677911A17FD6200A42ECB /* VMRandom.h in Headers */ = {isa = PBXBuildFile; fileRef = 6E7DBA1318CB8D0A004B876C /* VMRandom.h */; settings = {ATTRIBUTES = (Public, ); }; };
		6E2677921A17FD6200A42ECB /* VMRandom.m in Sources */ = {isa = PBXBuildFile; fileRef = 6E7DBA1418CB8D0A004B876C /* VMRandom.m */; };
		6E2677931A17FD6700A42ECB /* CTBlockDescription.h in Headers */ = {isa = PBXBuildFile; fileRef = 6EB7FCAC1A06D54500986315 /* CTBlockDescription.h */; };
		6E2677941A17FD6700A42ECB /* CTBlockDescription.m in Sources */ = {isa = PBXBuildFile; fileRef = 6EB7FCAD1A06D54500986315 /* CTBlockDescription.m */; };
		6E2677951A17FD6C00A42ECB /* VMLog.h in Headers */ = {isa = PBXBuildFile; fileRef = 6ED483211904445E00C82AA1 /* VMLog.h */; settings = {ATTRIBUTES = (Public, ); }; };
		6E2677961A17FD7000A42ECB /* VMClassCheckUtils.h in Headers */ = {isa = PBXBuildFile; fileRef = 6E1C97DB18F47C7A008059A8 /* VMClassCheckUtils.h */; settings = {ATTRIBUTES = (Public, ); }; };
		6E2677971A17FD7000A42ECB /* VMClassCheckUtils.m in Sources */ = {isa = PBXBuildFile; fileRef = 6E1C97DC18F47C7A008059A8 /* VMClassCheckUtils.m */; };
		6E2677981A17FD7500A42ECB /* NSString+VMExtension.h in Headers */ = {isa = PBXBuildFile; fileRef = 6E7DBA1C18CB9739004B876C /* NSString+VMExtension.h */; settings = {ATTRIBUTES = (Public, ); }; };
		6E2677991A17FD7500A42ECB /* NSString+VMExtension.m in Sources */ = {isa = PBXBuildFile; fileRef = 6E7DBA1D18CB9739004B876C /* NSString+VMExtension.m */; };
		6E26779A1A17FD7A00A42ECB /* NSObject+VMExtension.h in Headers */ = {isa = PBXBuildFile; fileRef = 6E7DBA0F18CB8C77004B876C /* NSObject+VMExtension.h */; settings = {ATTRIBUTES = (Public, ); }; };
		6E26779B1A17FD7A00A42ECB /* NSObject+VMExtension.m in Sources */ = {isa = PBXBuildFile; fileRef = 6E7DBA1018CB8C77004B876C /* NSObject+VMExtension.m */; };
		6E26779C1A17FD8300A42ECB /* VMAssertion.h in Headers */ = {isa = PBXBuildFile; fileRef = 6E7DBA0C18CB8AD9004B876C /* VMAssertion.h */; settings = {ATTRIBUTES = (Public, ); }; };
		6E26779D1A17FD8300A42ECB /* VMTypes.h in Headers */ = {isa = PBXBuildFile; fileRef = 6EFA223518CBACC300F7EA40 /* VMTypes.h */; settings = {ATTRIBUTES = (Public, ); }; };
		6E26779E1A17FD8300A42ECB /* VMPlatform.h in Headers */ = {isa = PBXBuildFile; fileRef = 6E9B1A4518CDE5810024FF97 /* VMPlatform.h */; settings = {ATTRIBUTES = (Public, ); }; };
		6E26779F1A17FD8300A42ECB /* VMSingletone.h in Headers */ = {isa = PBXBuildFile; fileRef = 6E1C97CE18F472FF008059A8 /* VMSingletone.h */; settings = {ATTRIBUTES = (Public, ); }; };
		6E2677A01A17FD8300A42ECB /* VMSingletone.h in Headers */ = {isa = PBXBuildFile; fileRef = 6E1C97CE18F472FF008059A8 /* VMSingletone.h */; settings = {ATTRIBUTES = (Public, ); }; };
		6E2677A11A17FD8C00A42ECB /* NSDictionary+VMExtension.h in Headers */ = {isa = PBXBuildFile; fileRef = 6E839A3A18CB893700664C67 /* NSDictionary+VMExtension.h */; settings = {ATTRIBUTES = (Public, ); }; };
		6E2677A21A17FD8C00A42ECB /* NSDictionary+VMExtension.m in Sources */ = {isa = PBXBuildFile; fileRef = 6E839A3B18CB893700664C67 /* NSDictionary+VMExtension.m */; };
		6E2677A31A17FD8C00A42ECB /* NSMutableDictionary+VMExtension.h in Headers */ = {isa = PBXBuildFile; fileRef = 6E0D7DB918CCFF4200E99516 /* NSMutableDictionary+VMExtension.h */; settings = {ATTRIBUTES = (Public, ); }; };
		6E2677A41A17FD8C00A42ECB /* NSMutableDictionary+VMExtension.m in Sources */ = {isa = PBXBuildFile; fileRef = 6E0D7DBA18CCFF4200E99516 /* NSMutableDictionary+VMExtension.m */; };
		6E2677A51A17FD8C00A42ECB /* NSArray+VMExtension.h in Headers */ = {isa = PBXBuildFile; fileRef = 6E7DB9FE18CB89E6004B876C /* NSArray+VMExtension.h */; settings = {ATTRIBUTES = (Public, ); }; };
		6E2677A61A17FD8C00A42ECB /* NSArray+VMExtension.m in Sources */ = {isa = PBXBuildFile; fileRef = 6E7DB9FF18CB89E6004B876C /* NSArray+VMExtension.m */; };
		6E2677A71A17FD8C00A42ECB /* NSMutableArray+VMExtension.h in Headers */ = {isa = PBXBuildFile; fileRef = 6E0D7DBD18CD088100E99516 /* NSMutableArray+VMExtension.h */; settings = {ATTRIBUTES = (Public, ); }; };
		6E2677A81A17FD8C00A42ECB /* NSMutableArray+VMExtension.m in Sources */ = {isa = PBXBuildFile; fileRef = 6E0D7DBE18CD088100E99516 /* NSMutableArray+VMExtension.m */; };
		6E2677A91A17FD9600A42ECB /* VMViewController.h in Headers */ = {isa = PBXBuildFile; fileRef = 6E1C97CF18F4732D008059A8 /* VMViewController.h */; settings = {ATTRIBUTES = (Public, ); }; };
		6E2677AA1A17FD9600A42ECB /* VMViewController.m in Sources */ = {isa = PBXBuildFile; fileRef = 6E1C97D018F4732D008059A8 /* VMViewController.m */; };
		6E2677AB1A17FD9C00A42ECB /* VMCircularLoaderView.h in Headers */ = {isa = PBXBuildFile; fileRef = 6E47163119C614E1004F1BD3 /* VMCircularLoaderView.h */; settings = {ATTRIBUTES = (Public, ); }; };
		6E2677AC1A17FD9C00A42ECB /* VMCircularLoaderView.m in Sources */ = {isa = PBXBuildFile; fileRef = 6E47163219C614E1004F1BD3 /* VMCircularLoaderView.m */; };
		6E2677AD1A17FDA100A42ECB /* VMSequenceView.h in Headers */ = {isa = PBXBuildFile; fileRef = 6E9B1A4118CDE3EE0024FF97 /* VMSequenceView.h */; settings = {ATTRIBUTES = (Public, ); }; };
		6E2677AE1A17FDA100A42ECB /* VMSequenceView.m in Sources */ = {isa = PBXBuildFile; fileRef = 6E9B1A4218CDE3EE0024FF97 /* VMSequenceView.m */; };
		6E2677AF1A17FDA600A42ECB /* UIColor+VMExtension.h in Headers */ = {isa = PBXBuildFile; fileRef = 6E7DBA0318CB8A31004B876C /* UIColor+VMExtension.h */; settings = {ATTRIBUTES = (Public, ); }; };
		6E2677B01A17FDA600A42ECB /* UIColor+VMExtension.m in Sources */ = {isa = PBXBuildFile; fileRef = 6E7DBA0418CB8A31004B876C /* UIColor+VMExtension.m */; };
		6E2677B11A17FDA600A42ECB /* UIImage+VMExtension.h in Headers */ = {isa = PBXBuildFile; fileRef = 6E7DBA0718CB8A8B004B876C /* UIImage+VMExtension.h */; settings = {ATTRIBUTES = (Public, ); }; };
		6E2677B21A17FDA600A42ECB /* UIImage+VMExtension.m in Sources */ = {isa = PBXBuildFile; fileRef = 6E7DBA0818CB8A8B004B876C /* UIImage+VMExtension.m */; };
		6E2677B81A18004100A42ECB /* libBlumenkranz.a in Frameworks */ = {isa = PBXBuildFile; fileRef = 6E37F12318C8F734000BD94B /* libBlumenkranz.a */; };
		6E37F12718C8F734000BD94B /* Foundation.framework in Frameworks */ = {isa = PBXBuildFile; fileRef = 6E37F12618C8F734000BD94B /* Foundation.framework */; };
		6E37F13518C8F734000BD94B /* XCTest.framework in Frameworks */ = {isa = PBXBuildFile; fileRef = 6E37F13418C8F734000BD94B /* XCTest.framework */; };
		6E37F13618C8F734000BD94B /* Foundation.framework in Frameworks */ = {isa = PBXBuildFile; fileRef = 6E37F12618C8F734000BD94B /* Foundation.framework */; };
		6E37F13B18C8F734000BD94B /* libBlumenkranz.a in Frameworks */ = {isa = PBXBuildFile; fileRef = 6E37F12318C8F734000BD94B /* libBlumenkranz.a */; };
		6E37F14318C8F734000BD94B /* BlumenkranzTests.m in Sources */ = {isa = PBXBuildFile; fileRef = 6E37F14218C8F734000BD94B /* BlumenkranzTests.m */; };
		6E47163319C614E1004F1BD3 /* VMCircularLoaderView.h in Headers */ = {isa = PBXBuildFile; fileRef = 6E47163119C614E1004F1BD3 /* VMCircularLoaderView.h */; settings = {ATTRIBUTES = (Public, ); }; };
		6E47163419C614E1004F1BD3 /* VMCircularLoaderView.m in Sources */ = {isa = PBXBuildFile; fileRef = 6E47163219C614E1004F1BD3 /* VMCircularLoaderView.m */; };
		6E47163519C614E1004F1BD3 /* VMCircularLoaderView.m in Sources */ = {isa = PBXBuildFile; fileRef = 6E47163219C614E1004F1BD3 /* VMCircularLoaderView.m */; };
		6E7DBA0018CB89E6004B876C /* NSArray+VMExtension.h in Headers */ = {isa = PBXBuildFile; fileRef = 6E7DB9FE18CB89E6004B876C /* NSArray+VMExtension.h */; settings = {ATTRIBUTES = (Public, ); }; };
		6E7DBA0118CB89E6004B876C /* NSArray+VMExtension.m in Sources */ = {isa = PBXBuildFile; fileRef = 6E7DB9FF18CB89E6004B876C /* NSArray+VMExtension.m */; };
		6E7DBA0518CB8A31004B876C /* UIColor+VMExtension.h in Headers */ = {isa = PBXBuildFile; fileRef = 6E7DBA0318CB8A31004B876C /* UIColor+VMExtension.h */; settings = {ATTRIBUTES = (Public, ); }; };
		6E7DBA0618CB8A31004B876C /* UIColor+VMExtension.m in Sources */ = {isa = PBXBuildFile; fileRef = 6E7DBA0418CB8A31004B876C /* UIColor+VMExtension.m */; };
		6E7DBA0918CB8A8B004B876C /* UIImage+VMExtension.h in Headers */ = {isa = PBXBuildFile; fileRef = 6E7DBA0718CB8A8B004B876C /* UIImage+VMExtension.h */; settings = {ATTRIBUTES = (Public, ); }; };
		6E7DBA0A18CB8A8B004B876C /* UIImage+VMExtension.m in Sources */ = {isa = PBXBuildFile; fileRef = 6E7DBA0818CB8A8B004B876C /* UIImage+VMExtension.m */; };
		6E7DBA0D18CB8AD9004B876C /* VMAssertion.h in Headers */ = {isa = PBXBuildFile; fileRef = 6E7DBA0C18CB8AD9004B876C /* VMAssertion.h */; settings = {ATTRIBUTES = (Public, ); }; };
		6E7DBA1118CB8C77004B876C /* NSObject+VMExtension.h in Headers */ = {isa = PBXBuildFile; fileRef = 6E7DBA0F18CB8C77004B876C /* NSObject+VMExtension.h */; settings = {ATTRIBUTES = (Public, ); }; };
		6E7DBA1218CB8C77004B876C /* NSObject+VMExtension.m in Sources */ = {isa = PBXBuildFile; fileRef = 6E7DBA1018CB8C77004B876C /* NSObject+VMExtension.m */; };
		6E7DBA1518CB8D0A004B876C /* VMRandom.h in Headers */ = {isa = PBXBuildFile; fileRef = 6E7DBA1318CB8D0A004B876C /* VMRandom.h */; settings = {ATTRIBUTES = (Public, ); }; };
		6E7DBA1618CB8D0A004B876C /* VMRandom.m in Sources */ = {isa = PBXBuildFile; fileRef = 6E7DBA1418CB8D0A004B876C /* VMRandom.m */; };
		6E7DBA1E18CB9739004B876C /* NSString+VMExtension.h in Headers */ = {isa = PBXBuildFile; fileRef = 6E7DBA1C18CB9739004B876C /* NSString+VMExtension.h */; settings = {ATTRIBUTES = (Public, ); }; };
		6E7DBA1F18CB9739004B876C /* NSString+VMExtension.m in Sources */ = {isa = PBXBuildFile; fileRef = 6E7DBA1D18CB9739004B876C /* NSString+VMExtension.m */; };
		6E839A3C18CB893700664C67 /* NSDictionary+VMExtension.h in Headers */ = {isa = PBXBuildFile; fileRef = 6E839A3A18CB893700664C67 /* NSDictionary+VMExtension.h */; settings = {ATTRIBUTES = (Public, ); }; };
		6E839A3D18CB893700664C67 /* NSDictionary+VMExtension.m in Sources */ = {isa = PBXBuildFile; fileRef = 6E839A3B18CB893700664C67 /* NSDictionary+VMExtension.m */; };
		6E9B1A4318CDE3EE0024FF97 /* VMSequenceView.h in Headers */ = {isa = PBXBuildFile; fileRef = 6E9B1A4118CDE3EE0024FF97 /* VMSequenceView.h */; settings = {ATTRIBUTES = (Public, ); }; };
		6E9B1A4418CDE3EE0024FF97 /* VMSequenceView.m in Sources */ = {isa = PBXBuildFile; fileRef = 6E9B1A4218CDE3EE0024FF97 /* VMSequenceView.m */; };
		6E9B1A4618CDE5810024FF97 /* VMPlatform.h in Headers */ = {isa = PBXBuildFile; fileRef = 6E9B1A4518CDE5810024FF97 /* VMPlatform.h */; settings = {ATTRIBUTES = (Public, ); }; };
		6EA2F4A819155EF200D4DCFC /* VMValidatableModel.h in Headers */ = {isa = PBXBuildFile; fileRef = 6EA2F4A619155EF200D4DCFC /* VMValidatableModel.h */; settings = {ATTRIBUTES = (Public, ); }; };
		6EA2F4A919155EF200D4DCFC /* VMValidatableModel.m in Sources */ = {isa = PBXBuildFile; fileRef = 6EA2F4A719155EF200D4DCFC /* VMValidatableModel.m */; };
		6EA2F4AB19155F1100D4DCFC /* VMModelValidating.h in Headers */ = {isa = PBXBuildFile; fileRef = 6EA2F4AA19155F1100D4DCFC /* VMModelValidating.h */; settings = {ATTRIBUTES = (Public, ); }; };
		6EA70D8119083D9B0088AFB9 /* InjectionTests.m in Sources */ = {isa = PBXBuildFile; fileRef = 6EA70D8019083D9B0088AFB9 /* InjectionTests.m */; };
		6EA8DAED18C8FB1D00F04908 /* UIKit.framework in Frameworks */ = {isa = PBXBuildFile; fileRef = 6EA8DAEC18C8FB1D00F04908 /* UIKit.framework */; };
		6EA8DAEE18C8FB2D00F04908 /* UIKit.framework in Frameworks */ = {isa = PBXBuildFile; fileRef = 6EA8DAEC18C8FB1D00F04908 /* UIKit.framework */; };
		6EA8DAF018C8FB8B00F04908 /* Blumenkranz.h in Headers */ = {isa = PBXBuildFile; fileRef = 6E37F12B18C8F734000BD94B /* Blumenkranz.h */; settings = {ATTRIBUTES = (Public, ); }; };
		6EA8DB1418C9019300F04908 /* VMBlumenkranz.h in Headers */ = {isa = PBXBuildFile; fileRef = 6EA8DB1218C9019300F04908 /* VMBlumenkranz.h */; settings = {ATTRIBUTES = (Public, ); }; };
		6EA8DB1518C9019300F04908 /* VMBlumenkranz.m in Sources */ = {isa = PBXBuildFile; fileRef = 6EA8DB1318C9019300F04908 /* VMBlumenkranz.m */; };
		6EB7FCA61A06D36600986315 /* ArrayTests.m in Sources */ = {isa = PBXBuildFile; fileRef = 6EB7FCA51A06D36600986315 /* ArrayTests.m */; };
		6EB7FCA81A06D40C00986315 /* DictionaryTests.m in Sources */ = {isa = PBXBuildFile; fileRef = 6EB7FCA71A06D40C00986315 /* DictionaryTests.m */; };
		6EB7FCAA1A06D42800986315 /* ObjectTests.m in Sources */ = {isa = PBXBuildFile; fileRef = 6EB7FCA91A06D42800986315 /* ObjectTests.m */; };
		6EB7FCAE1A06D54500986315 /* CTBlockDescription.h in Headers */ = {isa = PBXBuildFile; fileRef = 6EB7FCAC1A06D54500986315 /* CTBlockDescription.h */; };
		6EB7FCAF1A06D54500986315 /* CTBlockDescription.m in Sources */ = {isa = PBXBuildFile; fileRef = 6EB7FCAD1A06D54500986315 /* CTBlockDescription.m */; };
		6EB7FCB11A06DBE600986315 /* NSObject+VMExtension.m in Sources */ = {isa = PBXBuildFile; fileRef = 6E7DBA1018CB8C77004B876C /* NSObject+VMExtension.m */; };
		6EB7FCB21A06E39B00986315 /* NSDictionary+VMExtension.m in Sources */ = {isa = PBXBuildFile; fileRef = 6E839A3B18CB893700664C67 /* NSDictionary+VMExtension.m */; };
		6EB7FCB31A06E39B00986315 /* NSMutableDictionary+VMExtension.m in Sources */ = {isa = PBXBuildFile; fileRef = 6E0D7DBA18CCFF4200E99516 /* NSMutableDictionary+VMExtension.m */; };
		6EB7FCB41A06E39B00986315 /* NSArray+VMExtension.m in Sources */ = {isa = PBXBuildFile; fileRef = 6E7DB9FF18CB89E6004B876C /* NSArray+VMExtension.m */; };
		6EB7FCB51A06E39B00986315 /* NSMutableArray+VMExtension.m in Sources */ = {isa = PBXBuildFile; fileRef = 6E0D7DBE18CD088100E99516 /* NSMutableArray+VMExtension.m */; };
		6ED45C4319140CE50022AAF9 /* VMActiveModel.h in Headers */ = {isa = PBXBuildFile; fileRef = 6ED45C4119140CE50022AAF9 /* VMActiveModel.h */; settings = {ATTRIBUTES = (Public, ); }; };
		6ED45C4419140CE50022AAF9 /* VMActiveModel.m in Sources */ = {isa = PBXBuildFile; fileRef = 6ED45C4219140CE50022AAF9 /* VMActiveModel.m */; };
		6ED45C4619140D260022AAF9 /* VMActiveModelManipulating.h in Headers */ = {isa = PBXBuildFile; fileRef = 6ED45C4519140D220022AAF9 /* VMActiveModelManipulating.h */; settings = {ATTRIBUTES = (Public, ); }; };
		6ED45C4819140F570022AAF9 /* VMActiveModelValidation.h in Headers */ = {isa = PBXBuildFile; fileRef = 6ED45C4719140F570022AAF9 /* VMActiveModelValidation.h */; settings = {ATTRIBUTES = (Public, ); }; };
		6ED45C4A191421130022AAF9 /* ActiveModelTests.m in Sources */ = {isa = PBXBuildFile; fileRef = 6ED45C49191421130022AAF9 /* ActiveModelTests.m */; };
		6ED483171904388E00C82AA1 /* VMInjection.h in Headers */ = {isa = PBXBuildFile; fileRef = 6E1C97D818F477F5008059A8 /* VMInjection.h */; settings = {ATTRIBUTES = (Public, ); }; };
		6ED483181904388E00C82AA1 /* VMContextInjecting.h in Headers */ = {isa = PBXBuildFile; fileRef = 6ED483161904387400C82AA1 /* VMContextInjecting.h */; settings = {ATTRIBUTES = (Public, ); }; };
		6ED4831B19043C2E00C82AA1 /* VMContextBindingManager.h in Headers */ = {isa = PBXBuildFile; fileRef = 6ED4831919043C2E00C82AA1 /* VMContextBindingManager.h */; settings = {ATTRIBUTES = (Public, ); }; };
		6ED4831C19043C2E00C82AA1 /* VMContextBindingManager.m in Sources */ = {isa = PBXBuildFile; fileRef = 6ED4831A19043C2E00C82AA1 /* VMContextBindingManager.m */; };
		6ED4831F19043FAB00C82AA1 /* VMKeyProviding.h in Headers */ = {isa = PBXBuildFile; fileRef = 6ED4831E19043F6300C82AA1 /* VMKeyProviding.h */; settings = {ATTRIBUTES = (Public, ); }; };
		6ED483231904445E00C82AA1 /* VMLog.h in Headers */ = {isa = PBXBuildFile; fileRef = 6ED483211904445E00C82AA1 /* VMLog.h */; settings = {ATTRIBUTES = (Public, ); }; };
		6EFA222E18CBAA0900F7EA40 /* Foundation.framework in Frameworks */ = {isa = PBXBuildFile; fileRef = 6E37F12618C8F734000BD94B /* Foundation.framework */; };
		6EFA223118CBAA6200F7EA40 /* VMGameCenterService.h in Headers */ = {isa = PBXBuildFile; fileRef = 6EFA222F18CBAA6200F7EA40 /* VMGameCenterService.h */; settings = {ATTRIBUTES = (Public, ); }; };
		6EFA223218CBAA6200F7EA40 /* VMGameCenterService.m in Sources */ = {isa = PBXBuildFile; fileRef = 6EFA223018CBAA6200F7EA40 /* VMGameCenterService.m */; };
		6EFA223418CBAA7500F7EA40 /* GameKit.framework in Frameworks */ = {isa = PBXBuildFile; fileRef = 6EFA223318CBAA7500F7EA40 /* GameKit.framework */; settings = {ATTRIBUTES = (Weak, ); }; };
		6EFA223618CBACC300F7EA40 /* VMTypes.h in Headers */ = {isa = PBXBuildFile; fileRef = 6EFA223518CBACC300F7EA40 /* VMTypes.h */; settings = {ATTRIBUTES = (Public, ); }; };
/* End PBXBuildFile section */

/* Begin PBXContainerItemProxy section */
		6E2677B61A18003A00A42ECB /* PBXContainerItemProxy */ = {
			isa = PBXContainerItemProxy;
			containerPortal = 6E37F11B18C8F734000BD94B /* Project object */;
			proxyType = 1;
			remoteGlobalIDString = 6E37F12218C8F734000BD94B;
			remoteInfo = Blumenkranz;
		};
		6E37F13918C8F734000BD94B /* PBXContainerItemProxy */ = {
			isa = PBXContainerItemProxy;
			containerPortal = 6E37F11B18C8F734000BD94B /* Project object */;
			proxyType = 1;
			remoteGlobalIDString = 6E37F12218C8F734000BD94B;
			remoteInfo = Blumenkranz;
		};
		6EA8DB0B18C8FFCC00F04908 /* PBXContainerItemProxy */ = {
			isa = PBXContainerItemProxy;
			containerPortal = 6E37F11B18C8F734000BD94B /* Project object */;
			proxyType = 1;
			remoteGlobalIDString = 6EA8DAFD18C8FEB400F04908;
			remoteInfo = "Blumenkranz Resources";
		};
/* End PBXContainerItemProxy section */

/* Begin PBXFileReference section */
		6E0D7DB918CCFF4200E99516 /* NSMutableDictionary+VMExtension.h */ = {isa = PBXFileReference; fileEncoding = 4; lastKnownFileType = sourcecode.c.h; path = "NSMutableDictionary+VMExtension.h"; sourceTree = "<group>"; };
		6E0D7DBA18CCFF4200E99516 /* NSMutableDictionary+VMExtension.m */ = {isa = PBXFileReference; fileEncoding = 4; lastKnownFileType = sourcecode.c.objc; path = "NSMutableDictionary+VMExtension.m"; sourceTree = "<group>"; };
		6E0D7DBD18CD088100E99516 /* NSMutableArray+VMExtension.h */ = {isa = PBXFileReference; fileEncoding = 4; lastKnownFileType = sourcecode.c.h; path = "NSMutableArray+VMExtension.h"; sourceTree = "<group>"; };
		6E0D7DBE18CD088100E99516 /* NSMutableArray+VMExtension.m */ = {isa = PBXFileReference; fileEncoding = 4; lastKnownFileType = sourcecode.c.objc; path = "NSMutableArray+VMExtension.m"; sourceTree = "<group>"; };
		6E1C97CE18F472FF008059A8 /* VMSingletone.h */ = {isa = PBXFileReference; lastKnownFileType = sourcecode.c.h; path = VMSingletone.h; sourceTree = "<group>"; };
		6E1C97CF18F4732D008059A8 /* VMViewController.h */ = {isa = PBXFileReference; fileEncoding = 4; lastKnownFileType = sourcecode.c.h; path = VMViewController.h; sourceTree = "<group>"; };
		6E1C97D018F4732D008059A8 /* VMViewController.m */ = {isa = PBXFileReference; fileEncoding = 4; lastKnownFileType = sourcecode.c.objc; path = VMViewController.m; sourceTree = "<group>"; };
		6E1C97D418F477CA008059A8 /* VMContext.h */ = {isa = PBXFileReference; fileEncoding = 4; lastKnownFileType = sourcecode.c.h; path = VMContext.h; sourceTree = "<group>"; };
		6E1C97D518F477CA008059A8 /* VMContext.m */ = {isa = PBXFileReference; fileEncoding = 4; lastKnownFileType = sourcecode.c.objc; path = VMContext.m; sourceTree = "<group>"; };
		6E1C97D818F477F5008059A8 /* VMInjection.h */ = {isa = PBXFileReference; lastKnownFileType = sourcecode.c.h; path = VMInjection.h; sourceTree = "<group>"; };
		6E1C97D918F478D7008059A8 /* VMContextProviding.h */ = {isa = PBXFileReference; lastKnownFileType = sourcecode.c.h; path = VMContextProviding.h; sourceTree = "<group>"; };
		6E1C97DB18F47C7A008059A8 /* VMClassCheckUtils.h */ = {isa = PBXFileReference; fileEncoding = 4; lastKnownFileType = sourcecode.c.h; path = VMClassCheckUtils.h; sourceTree = "<group>"; };
		6E1C97DC18F47C7A008059A8 /* VMClassCheckUtils.m */ = {isa = PBXFileReference; fileEncoding = 4; lastKnownFileType = sourcecode.c.objc; path = VMClassCheckUtils.m; sourceTree = "<group>"; };
		6E2677561A17F9B600A42ECB /* Blumenkranz-Bridging-Header.h */ = {isa = PBXFileReference; fileEncoding = 4; lastKnownFileType = sourcecode.c.h; path = "Blumenkranz-Bridging-Header.h"; sourceTree = "<group>"; };
		6E26775D1A17FC7300A42ECB /* BlumenkranzFramework.framework */ = {isa = PBXFileReference; explicitFileType = wrapper.framework; includeInIndex = 0; path = BlumenkranzFramework.framework; sourceTree = BUILT_PRODUCTS_DIR; };
		6E2677601A17FC7400A42ECB /* Info.plist */ = {isa = PBXFileReference; lastKnownFileType = text.plist.xml; path = Info.plist; sourceTree = "<group>"; };
		6E2677611A17FC7400A42ECB /* BlumenkranzFramework.h */ = {isa = PBXFileReference; lastKnownFileType = sourcecode.c.h; path = BlumenkranzFramework.h; sourceTree = "<group>"; };
		6E2677B51A17FEF900A42ECB /* BlumenkranzFramework.pch */ = {isa = PBXFileReference; lastKnownFileType = sourcecode.c.h; path = BlumenkranzFramework.pch; sourceTree = "<group>"; };
		6E37F12318C8F734000BD94B /* libBlumenkranz.a */ = {isa = PBXFileReference; explicitFileType = archive.ar; includeInIndex = 0; path = libBlumenkranz.a; sourceTree = BUILT_PRODUCTS_DIR; };
		6E37F12618C8F734000BD94B /* Foundation.framework */ = {isa = PBXFileReference; lastKnownFileType = wrapper.framework; name = Foundation.framework; path = System/Library/Frameworks/Foundation.framework; sourceTree = SDKROOT; };
		6E37F12A18C8F734000BD94B /* Blumenkranz-Prefix.pch */ = {isa = PBXFileReference; lastKnownFileType = sourcecode.c.h; path = "Blumenkranz-Prefix.pch"; sourceTree = "<group>"; };
		6E37F12B18C8F734000BD94B /* Blumenkranz.h */ = {isa = PBXFileReference; lastKnownFileType = sourcecode.c.h; path = Blumenkranz.h; sourceTree = "<group>"; };
		6E37F13318C8F734000BD94B /* Blumenkranz Unit Tests.xctest */ = {isa = PBXFileReference; explicitFileType = wrapper.cfbundle; includeInIndex = 0; path = "Blumenkranz Unit Tests.xctest"; sourceTree = BUILT_PRODUCTS_DIR; };
		6E37F13418C8F734000BD94B /* XCTest.framework */ = {isa = PBXFileReference; lastKnownFileType = wrapper.framework; name = XCTest.framework; path = Library/Frameworks/XCTest.framework; sourceTree = DEVELOPER_DIR; };
		6E37F13E18C8F734000BD94B /* BlumenkranzTests-Info.plist */ = {isa = PBXFileReference; fileEncoding = 4; lastKnownFileType = text.plist.xml; path = "BlumenkranzTests-Info.plist"; sourceTree = "<group>"; };
		6E37F14218C8F734000BD94B /* BlumenkranzTests.m */ = {isa = PBXFileReference; lastKnownFileType = sourcecode.c.objc; path = BlumenkranzTests.m; sourceTree = "<group>"; };
		6E47163119C614E1004F1BD3 /* VMCircularLoaderView.h */ = {isa = PBXFileReference; fileEncoding = 4; lastKnownFileType = sourcecode.c.h; path = VMCircularLoaderView.h; sourceTree = "<group>"; };
		6E47163219C614E1004F1BD3 /* VMCircularLoaderView.m */ = {isa = PBXFileReference; fileEncoding = 4; lastKnownFileType = sourcecode.c.objc; path = VMCircularLoaderView.m; sourceTree = "<group>"; };
		6E4730531A0F9756008F2C27 /* VMYandexTrafficDataProvider.swift */ = {isa = PBXFileReference; fileEncoding = 4; lastKnownFileType = sourcecode.swift; path = VMYandexTrafficDataProvider.swift; sourceTree = "<group>"; };
		6E7DB9FE18CB89E6004B876C /* NSArray+VMExtension.h */ = {isa = PBXFileReference; fileEncoding = 4; lastKnownFileType = sourcecode.c.h; path = "NSArray+VMExtension.h"; sourceTree = "<group>"; };
		6E7DB9FF18CB89E6004B876C /* NSArray+VMExtension.m */ = {isa = PBXFileReference; fileEncoding = 4; lastKnownFileType = sourcecode.c.objc; path = "NSArray+VMExtension.m"; sourceTree = "<group>"; };
		6E7DBA0318CB8A31004B876C /* UIColor+VMExtension.h */ = {isa = PBXFileReference; fileEncoding = 4; lastKnownFileType = sourcecode.c.h; path = "UIColor+VMExtension.h"; sourceTree = "<group>"; };
		6E7DBA0418CB8A31004B876C /* UIColor+VMExtension.m */ = {isa = PBXFileReference; fileEncoding = 4; lastKnownFileType = sourcecode.c.objc; path = "UIColor+VMExtension.m"; sourceTree = "<group>"; };
		6E7DBA0718CB8A8B004B876C /* UIImage+VMExtension.h */ = {isa = PBXFileReference; fileEncoding = 4; lastKnownFileType = sourcecode.c.h; path = "UIImage+VMExtension.h"; sourceTree = "<group>"; };
		6E7DBA0818CB8A8B004B876C /* UIImage+VMExtension.m */ = {isa = PBXFileReference; fileEncoding = 4; lastKnownFileType = sourcecode.c.objc; path = "UIImage+VMExtension.m"; sourceTree = "<group>"; };
		6E7DBA0C18CB8AD9004B876C /* VMAssertion.h */ = {isa = PBXFileReference; fileEncoding = 4; lastKnownFileType = sourcecode.c.h; path = VMAssertion.h; sourceTree = "<group>"; };
		6E7DBA0F18CB8C77004B876C /* NSObject+VMExtension.h */ = {isa = PBXFileReference; fileEncoding = 4; lastKnownFileType = sourcecode.c.h; path = "NSObject+VMExtension.h"; sourceTree = "<group>"; };
		6E7DBA1018CB8C77004B876C /* NSObject+VMExtension.m */ = {isa = PBXFileReference; fileEncoding = 4; lastKnownFileType = sourcecode.c.objc; path = "NSObject+VMExtension.m"; sourceTree = "<group>"; };
		6E7DBA1318CB8D0A004B876C /* VMRandom.h */ = {isa = PBXFileReference; fileEncoding = 4; lastKnownFileType = sourcecode.c.h; path = VMRandom.h; sourceTree = "<group>"; };
		6E7DBA1418CB8D0A004B876C /* VMRandom.m */ = {isa = PBXFileReference; fileEncoding = 4; lastKnownFileType = sourcecode.c.objc; path = VMRandom.m; sourceTree = "<group>"; };
		6E7DBA1C18CB9739004B876C /* NSString+VMExtension.h */ = {isa = PBXFileReference; fileEncoding = 4; lastKnownFileType = sourcecode.c.h; path = "NSString+VMExtension.h"; sourceTree = "<group>"; };
		6E7DBA1D18CB9739004B876C /* NSString+VMExtension.m */ = {isa = PBXFileReference; fileEncoding = 4; lastKnownFileType = sourcecode.c.objc; path = "NSString+VMExtension.m"; sourceTree = "<group>"; };
		6E839A3A18CB893700664C67 /* NSDictionary+VMExtension.h */ = {isa = PBXFileReference; fileEncoding = 4; lastKnownFileType = sourcecode.c.h; path = "NSDictionary+VMExtension.h"; sourceTree = "<group>"; };
		6E839A3B18CB893700664C67 /* NSDictionary+VMExtension.m */ = {isa = PBXFileReference; fileEncoding = 4; lastKnownFileType = sourcecode.c.objc; path = "NSDictionary+VMExtension.m"; sourceTree = "<group>"; };
		6E9B1A4118CDE3EE0024FF97 /* VMSequenceView.h */ = {isa = PBXFileReference; fileEncoding = 4; lastKnownFileType = sourcecode.c.h; path = VMSequenceView.h; sourceTree = "<group>"; };
		6E9B1A4218CDE3EE0024FF97 /* VMSequenceView.m */ = {isa = PBXFileReference; fileEncoding = 4; lastKnownFileType = sourcecode.c.objc; path = VMSequenceView.m; sourceTree = "<group>"; };
		6E9B1A4518CDE5810024FF97 /* VMPlatform.h */ = {isa = PBXFileReference; fileEncoding = 4; lastKnownFileType = sourcecode.c.h; path = VMPlatform.h; sourceTree = "<group>"; };
		6EA2F4A619155EF200D4DCFC /* VMValidatableModel.h */ = {isa = PBXFileReference; fileEncoding = 4; lastKnownFileType = sourcecode.c.h; path = VMValidatableModel.h; sourceTree = "<group>"; };
		6EA2F4A719155EF200D4DCFC /* VMValidatableModel.m */ = {isa = PBXFileReference; fileEncoding = 4; lastKnownFileType = sourcecode.c.objc; path = VMValidatableModel.m; sourceTree = "<group>"; };
		6EA2F4AA19155F1100D4DCFC /* VMModelValidating.h */ = {isa = PBXFileReference; fileEncoding = 4; lastKnownFileType = sourcecode.c.h; path = VMModelValidating.h; sourceTree = "<group>"; };
		6EA70D8019083D9B0088AFB9 /* InjectionTests.m */ = {isa = PBXFileReference; fileEncoding = 4; lastKnownFileType = sourcecode.c.objc; path = InjectionTests.m; sourceTree = "<group>"; };
		6EA8DAEC18C8FB1D00F04908 /* UIKit.framework */ = {isa = PBXFileReference; lastKnownFileType = wrapper.framework; name = UIKit.framework; path = System/Library/Frameworks/UIKit.framework; sourceTree = SDKROOT; };
		6EA8DAFE18C8FEB400F04908 /* Blumenkranz.bundle */ = {isa = PBXFileReference; explicitFileType = wrapper.cfbundle; includeInIndex = 0; path = Blumenkranz.bundle; sourceTree = BUILT_PRODUCTS_DIR; };
		6EA8DB0318C8FEB400F04908 /* BlumenkranzResources-Info.plist */ = {isa = PBXFileReference; lastKnownFileType = text.plist.xml; path = "BlumenkranzResources-Info.plist"; sourceTree = "<group>"; };
		6EA8DB0718C8FEB400F04908 /* BlumenkranzResources-Prefix.pch */ = {isa = PBXFileReference; lastKnownFileType = sourcecode.c.h; path = "BlumenkranzResources-Prefix.pch"; sourceTree = "<group>"; };
		6EA8DB1218C9019300F04908 /* VMBlumenkranz.h */ = {isa = PBXFileReference; fileEncoding = 4; lastKnownFileType = sourcecode.c.h; path = VMBlumenkranz.h; sourceTree = "<group>"; };
		6EA8DB1318C9019300F04908 /* VMBlumenkranz.m */ = {isa = PBXFileReference; fileEncoding = 4; lastKnownFileType = sourcecode.c.objc; path = VMBlumenkranz.m; sourceTree = "<group>"; };
		6EB7FCA51A06D36600986315 /* ArrayTests.m */ = {isa = PBXFileReference; fileEncoding = 4; lastKnownFileType = sourcecode.c.objc; path = ArrayTests.m; sourceTree = "<group>"; };
		6EB7FCA71A06D40C00986315 /* DictionaryTests.m */ = {isa = PBXFileReference; fileEncoding = 4; lastKnownFileType = sourcecode.c.objc; path = DictionaryTests.m; sourceTree = "<group>"; };
		6EB7FCA91A06D42800986315 /* ObjectTests.m */ = {isa = PBXFileReference; fileEncoding = 4; lastKnownFileType = sourcecode.c.objc; path = ObjectTests.m; sourceTree = "<group>"; };
		6EB7FCAC1A06D54500986315 /* CTBlockDescription.h */ = {isa = PBXFileReference; fileEncoding = 4; lastKnownFileType = sourcecode.c.h; path = CTBlockDescription.h; sourceTree = "<group>"; };
		6EB7FCAD1A06D54500986315 /* CTBlockDescription.m */ = {isa = PBXFileReference; fileEncoding = 4; lastKnownFileType = sourcecode.c.objc; path = CTBlockDescription.m; sourceTree = "<group>"; };
		6ED45C4119140CE50022AAF9 /* VMActiveModel.h */ = {isa = PBXFileReference; fileEncoding = 4; lastKnownFileType = sourcecode.c.h; path = VMActiveModel.h; sourceTree = "<group>"; };
		6ED45C4219140CE50022AAF9 /* VMActiveModel.m */ = {isa = PBXFileReference; fileEncoding = 4; lastKnownFileType = sourcecode.c.objc; path = VMActiveModel.m; sourceTree = "<group>"; };
		6ED45C4519140D220022AAF9 /* VMActiveModelManipulating.h */ = {isa = PBXFileReference; lastKnownFileType = sourcecode.c.h; path = VMActiveModelManipulating.h; sourceTree = "<group>"; };
		6ED45C4719140F570022AAF9 /* VMActiveModelValidation.h */ = {isa = PBXFileReference; fileEncoding = 4; lastKnownFileType = sourcecode.c.h; path = VMActiveModelValidation.h; sourceTree = "<group>"; };
		6ED45C49191421130022AAF9 /* ActiveModelTests.m */ = {isa = PBXFileReference; fileEncoding = 4; lastKnownFileType = sourcecode.c.objc; path = ActiveModelTests.m; sourceTree = "<group>"; };
		6ED483161904387400C82AA1 /* VMContextInjecting.h */ = {isa = PBXFileReference; lastKnownFileType = sourcecode.c.h; path = VMContextInjecting.h; sourceTree = "<group>"; };
		6ED4831919043C2E00C82AA1 /* VMContextBindingManager.h */ = {isa = PBXFileReference; fileEncoding = 4; lastKnownFileType = sourcecode.c.h; path = VMContextBindingManager.h; sourceTree = "<group>"; };
		6ED4831A19043C2E00C82AA1 /* VMContextBindingManager.m */ = {isa = PBXFileReference; fileEncoding = 4; lastKnownFileType = sourcecode.c.objc; path = VMContextBindingManager.m; sourceTree = "<group>"; };
		6ED4831E19043F6300C82AA1 /* VMKeyProviding.h */ = {isa = PBXFileReference; lastKnownFileType = sourcecode.c.h; path = VMKeyProviding.h; sourceTree = "<group>"; };
		6ED483211904445E00C82AA1 /* VMLog.h */ = {isa = PBXFileReference; fileEncoding = 4; lastKnownFileType = sourcecode.c.h; path = VMLog.h; sourceTree = "<group>"; };
		6EFA222F18CBAA6200F7EA40 /* VMGameCenterService.h */ = {isa = PBXFileReference; fileEncoding = 4; lastKnownFileType = sourcecode.c.h; path = VMGameCenterService.h; sourceTree = "<group>"; };
		6EFA223018CBAA6200F7EA40 /* VMGameCenterService.m */ = {isa = PBXFileReference; fileEncoding = 4; lastKnownFileType = sourcecode.c.objc; path = VMGameCenterService.m; sourceTree = "<group>"; };
		6EFA223318CBAA7500F7EA40 /* GameKit.framework */ = {isa = PBXFileReference; lastKnownFileType = wrapper.framework; name = GameKit.framework; path = System/Library/Frameworks/GameKit.framework; sourceTree = SDKROOT; };
		6EFA223518CBACC300F7EA40 /* VMTypes.h */ = {isa = PBXFileReference; fileEncoding = 4; lastKnownFileType = sourcecode.c.h; path = VMTypes.h; sourceTree = "<group>"; };
/* End PBXFileReference section */

/* Begin PBXFrameworksBuildPhase section */
		6E2677591A17FC7300A42ECB /* Frameworks */ = {
			isa = PBXFrameworksBuildPhase;
			buildActionMask = 2147483647;
			files = (
				6E2677B81A18004100A42ECB /* libBlumenkranz.a in Frameworks */,
				6E26777D1A17FCBB00A42ECB /* GameKit.framework in Frameworks */,
				6E26777C1A17FCB300A42ECB /* Foundation.framework in Frameworks */,
				6E26777B1A17FCAE00A42ECB /* UIKit.framework in Frameworks */,
			);
			runOnlyForDeploymentPostprocessing = 0;
		};
		6E37F12018C8F734000BD94B /* Frameworks */ = {
			isa = PBXFrameworksBuildPhase;
			buildActionMask = 2147483647;
			files = (
				6E37F12718C8F734000BD94B /* Foundation.framework in Frameworks */,
				6EA8DAED18C8FB1D00F04908 /* UIKit.framework in Frameworks */,
				6EFA223418CBAA7500F7EA40 /* GameKit.framework in Frameworks */,
			);
			runOnlyForDeploymentPostprocessing = 0;
		};
		6E37F13018C8F734000BD94B /* Frameworks */ = {
			isa = PBXFrameworksBuildPhase;
			buildActionMask = 2147483647;
			files = (
				6E37F13618C8F734000BD94B /* Foundation.framework in Frameworks */,
				6EA8DAEE18C8FB2D00F04908 /* UIKit.framework in Frameworks */,
				6E37F13518C8F734000BD94B /* XCTest.framework in Frameworks */,
				6E37F13B18C8F734000BD94B /* libBlumenkranz.a in Frameworks */,
			);
			runOnlyForDeploymentPostprocessing = 0;
		};
		6EA8DAFB18C8FEB400F04908 /* Frameworks */ = {
			isa = PBXFrameworksBuildPhase;
			buildActionMask = 2147483647;
			files = (
				6EFA222E18CBAA0900F7EA40 /* Foundation.framework in Frameworks */,
			);
			runOnlyForDeploymentPostprocessing = 0;
		};
/* End PBXFrameworksBuildPhase section */

/* Begin PBXGroup section */
		6E072C0D1A87E9520048250B /* VMPinPad */ = {
			isa = PBXGroup;
			children = (
			);
			path = VMPinPad;
			sourceTree = "<group>";
		};
		6E1C97CD18F47232008059A8 /* Core */ = {
			isa = PBXGroup;
			children = (
				6E1C97CF18F4732D008059A8 /* VMViewController.h */,
				6E1C97D018F4732D008059A8 /* VMViewController.m */,
			);
			path = Core;
			sourceTree = "<group>";
		};
		6E1C97D318F477B0008059A8 /* Dependency Injection */ = {
			isa = PBXGroup;
			children = (
				6E1C97D418F477CA008059A8 /* VMContext.h */,
				6E1C97D518F477CA008059A8 /* VMContext.m */,
				6E1C97D818F477F5008059A8 /* VMInjection.h */,
				6ED483161904387400C82AA1 /* VMContextInjecting.h */,
				6E1C97D918F478D7008059A8 /* VMContextProviding.h */,
				6ED4831919043C2E00C82AA1 /* VMContextBindingManager.h */,
				6ED4831A19043C2E00C82AA1 /* VMContextBindingManager.m */,
			);
			path = "Dependency Injection";
			sourceTree = "<group>";
		};
		6E1C97DA18F47C3E008059A8 /* Validation */ = {
			isa = PBXGroup;
			children = (
				6E1C97DB18F47C7A008059A8 /* VMClassCheckUtils.h */,
				6E1C97DC18F47C7A008059A8 /* VMClassCheckUtils.m */,
			);
			path = Validation;
			sourceTree = "<group>";
		};
		6E26775E1A17FC7300A42ECB /* BlumenkranzFramework */ = {
			isa = PBXGroup;
			children = (
				6E2677611A17FC7400A42ECB /* BlumenkranzFramework.h */,
				6E26775F1A17FC7400A42ECB /* Supporting Files */,
			);
			path = BlumenkranzFramework;
			sourceTree = "<group>";
		};
		6E26775F1A17FC7400A42ECB /* Supporting Files */ = {
			isa = PBXGroup;
			children = (
				6E2677601A17FC7400A42ECB /* Info.plist */,
				6E2677B51A17FEF900A42ECB /* BlumenkranzFramework.pch */,
			);
			name = "Supporting Files";
			sourceTree = "<group>";
		};
		6E37F11A18C8F734000BD94B = {
			isa = PBXGroup;
			children = (
				6E37F12818C8F734000BD94B /* Blumenkranz */,
				6E37F13C18C8F734000BD94B /* BlumenkranzTests */,
				6EA8DB0118C8FEB400F04908 /* BlumenkranzResources */,
				6E26775E1A17FC7300A42ECB /* BlumenkranzFramework */,
				6E37F12518C8F734000BD94B /* Frameworks */,
				6E37F12418C8F734000BD94B /* Products */,
			);
			sourceTree = "<group>";
		};
		6E37F12418C8F734000BD94B /* Products */ = {
			isa = PBXGroup;
			children = (
				6E37F12318C8F734000BD94B /* libBlumenkranz.a */,
				6E37F13318C8F734000BD94B /* Blumenkranz Unit Tests.xctest */,
				6EA8DAFE18C8FEB400F04908 /* Blumenkranz.bundle */,
				6E26775D1A17FC7300A42ECB /* BlumenkranzFramework.framework */,
			);
			name = Products;
			sourceTree = "<group>";
		};
		6E37F12518C8F734000BD94B /* Frameworks */ = {
			isa = PBXGroup;
			children = (
				6EFA223318CBAA7500F7EA40 /* GameKit.framework */,
				6EA8DAEC18C8FB1D00F04908 /* UIKit.framework */,
				6E37F12618C8F734000BD94B /* Foundation.framework */,
				6E37F13418C8F734000BD94B /* XCTest.framework */,
			);
			name = Frameworks;
			sourceTree = "<group>";
		};
		6E37F12818C8F734000BD94B /* Blumenkranz */ = {
			isa = PBXGroup;
			children = (
				6E4730501A0F96CC008F2C27 /* DataProviders */,
				6ED45C4019140CB20022AAF9 /* ActiveModel */,
				6ED4831D19043F4B00C82AA1 /* Interfaces */,
				6E1C97D318F477B0008059A8 /* Dependency Injection */,
				6EE9BC5318CBA999000B2300 /* Services */,
				6EA8DB1118C9017400F04908 /* Framework */,
				6E37F14D18C8F836000BD94B /* Foundation */,
				6E37F14E18C8F836000BD94B /* UI */,
				6E37F12B18C8F734000BD94B /* Blumenkranz.h */,
				6E37F12918C8F734000BD94B /* Supporting Files */,
			);
			path = Blumenkranz;
			sourceTree = "<group>";
		};
		6E37F12918C8F734000BD94B /* Supporting Files */ = {
			isa = PBXGroup;
			children = (
				6E37F12A18C8F734000BD94B /* Blumenkranz-Prefix.pch */,
			);
			name = "Supporting Files";
			sourceTree = "<group>";
		};
		6E37F13C18C8F734000BD94B /* BlumenkranzTests */ = {
			isa = PBXGroup;
			children = (
				6EB7FCA91A06D42800986315 /* ObjectTests.m */,
				6EB7FCA51A06D36600986315 /* ArrayTests.m */,
				6EB7FCA71A06D40C00986315 /* DictionaryTests.m */,
				6EA70D8019083D9B0088AFB9 /* InjectionTests.m */,
				6ED45C49191421130022AAF9 /* ActiveModelTests.m */,
				6E37F14218C8F734000BD94B /* BlumenkranzTests.m */,
				6E37F13D18C8F734000BD94B /* Supporting Files */,
			);
			path = BlumenkranzTests;
			sourceTree = "<group>";
		};
		6E37F13D18C8F734000BD94B /* Supporting Files */ = {
			isa = PBXGroup;
			children = (
				6E37F13E18C8F734000BD94B /* BlumenkranzTests-Info.plist */,
			);
			name = "Supporting Files";
			sourceTree = "<group>";
		};
		6E37F14D18C8F836000BD94B /* Foundation */ = {
			isa = PBXGroup;
			children = (
				6EB7FCAB1A06D54500986315 /* Runtime */,
				6ED483201904442D00C82AA1 /* Logging */,
				6E1C97DA18F47C3E008059A8 /* Validation */,
				6E7DBA1B18CB9728004B876C /* Text */,
				6E7DBA0E18CB8C57004B876C /* RootObjects */,
				6E7DBA0B18CB8AC9004B876C /* Macro */,
				6E839A3918CB893700664C67 /* Containers */,
				6E7DBA1318CB8D0A004B876C /* VMRandom.h */,
				6E7DBA1418CB8D0A004B876C /* VMRandom.m */,
			);
			path = Foundation;
			sourceTree = "<group>";
		};
		6E37F14E18C8F836000BD94B /* UI */ = {
			isa = PBXGroup;
			children = (
				6E1C97CD18F47232008059A8 /* Core */,
				6E9B1A3F18CDE3DE0024FF97 /* Controls */,
				6E7DBA0218CB8A1F004B876C /* Graphics */,
			);
			path = UI;
			sourceTree = "<group>";
		};
		6E47163019C614E1004F1BD3 /* VMCircularLoaderView */ = {
			isa = PBXGroup;
			children = (
				6E47163119C614E1004F1BD3 /* VMCircularLoaderView.h */,
				6E47163219C614E1004F1BD3 /* VMCircularLoaderView.m */,
			);
			path = VMCircularLoaderView;
			sourceTree = "<group>";
		};
		6E4730501A0F96CC008F2C27 /* DataProviders */ = {
			isa = PBXGroup;
			children = (
				6E4730511A0F96CC008F2C27 /* GEO */,
			);
			path = DataProviders;
			sourceTree = "<group>";
		};
		6E4730511A0F96CC008F2C27 /* GEO */ = {
			isa = PBXGroup;
			children = (
				6E2677561A17F9B600A42ECB /* Blumenkranz-Bridging-Header.h */,
				6E4730531A0F9756008F2C27 /* VMYandexTrafficDataProvider.swift */,
			);
			path = GEO;
			sourceTree = "<group>";
		};
		6E7DBA0218CB8A1F004B876C /* Graphics */ = {
			isa = PBXGroup;
			children = (
				6E7DBA0318CB8A31004B876C /* UIColor+VMExtension.h */,
				6E7DBA0418CB8A31004B876C /* UIColor+VMExtension.m */,
				6E7DBA0718CB8A8B004B876C /* UIImage+VMExtension.h */,
				6E7DBA0818CB8A8B004B876C /* UIImage+VMExtension.m */,
			);
			path = Graphics;
			sourceTree = "<group>";
		};
		6E7DBA0B18CB8AC9004B876C /* Macro */ = {
			isa = PBXGroup;
			children = (
				6E7DBA0C18CB8AD9004B876C /* VMAssertion.h */,
				6EFA223518CBACC300F7EA40 /* VMTypes.h */,
				6E9B1A4518CDE5810024FF97 /* VMPlatform.h */,
				6E1C97CE18F472FF008059A8 /* VMSingletone.h */,
			);
			path = Macro;
			sourceTree = "<group>";
		};
		6E7DBA0E18CB8C57004B876C /* RootObjects */ = {
			isa = PBXGroup;
			children = (
				6E7DBA0F18CB8C77004B876C /* NSObject+VMExtension.h */,
				6E7DBA1018CB8C77004B876C /* NSObject+VMExtension.m */,
			);
			path = RootObjects;
			sourceTree = "<group>";
		};
		6E7DBA1B18CB9728004B876C /* Text */ = {
			isa = PBXGroup;
			children = (
				6E7DBA1C18CB9739004B876C /* NSString+VMExtension.h */,
				6E7DBA1D18CB9739004B876C /* NSString+VMExtension.m */,
			);
			path = Text;
			sourceTree = "<group>";
		};
		6E839A3918CB893700664C67 /* Containers */ = {
			isa = PBXGroup;
			children = (
				6E839A3A18CB893700664C67 /* NSDictionary+VMExtension.h */,
				6E839A3B18CB893700664C67 /* NSDictionary+VMExtension.m */,
				6E0D7DB918CCFF4200E99516 /* NSMutableDictionary+VMExtension.h */,
				6E0D7DBA18CCFF4200E99516 /* NSMutableDictionary+VMExtension.m */,
				6E7DB9FE18CB89E6004B876C /* NSArray+VMExtension.h */,
				6E7DB9FF18CB89E6004B876C /* NSArray+VMExtension.m */,
				6E0D7DBD18CD088100E99516 /* NSMutableArray+VMExtension.h */,
				6E0D7DBE18CD088100E99516 /* NSMutableArray+VMExtension.m */,
			);
			path = Containers;
			sourceTree = "<group>";
		};
		6E9B1A3F18CDE3DE0024FF97 /* Controls */ = {
			isa = PBXGroup;
			children = (
				6E072C0D1A87E9520048250B /* VMPinPad */,
				6E47163019C614E1004F1BD3 /* VMCircularLoaderView */,
				6E9B1A4018CDE3DE0024FF97 /* VMSequenceView */,
			);
			path = Controls;
			sourceTree = "<group>";
		};
		6E9B1A4018CDE3DE0024FF97 /* VMSequenceView */ = {
			isa = PBXGroup;
			children = (
				6E9B1A4118CDE3EE0024FF97 /* VMSequenceView.h */,
				6E9B1A4218CDE3EE0024FF97 /* VMSequenceView.m */,
			);
			path = VMSequenceView;
			sourceTree = "<group>";
		};
		6EA8DB0118C8FEB400F04908 /* BlumenkranzResources */ = {
			isa = PBXGroup;
			children = (
				6EA8DB0218C8FEB400F04908 /* Supporting Files */,
			);
			path = BlumenkranzResources;
			sourceTree = "<group>";
		};
		6EA8DB0218C8FEB400F04908 /* Supporting Files */ = {
			isa = PBXGroup;
			children = (
				6EA8DB0318C8FEB400F04908 /* BlumenkranzResources-Info.plist */,
				6EA8DB0718C8FEB400F04908 /* BlumenkranzResources-Prefix.pch */,
			);
			name = "Supporting Files";
			sourceTree = "<group>";
		};
		6EA8DB1118C9017400F04908 /* Framework */ = {
			isa = PBXGroup;
			children = (
				6EA8DB1218C9019300F04908 /* VMBlumenkranz.h */,
				6EA8DB1318C9019300F04908 /* VMBlumenkranz.m */,
			);
			path = Framework;
			sourceTree = "<group>";
		};
		6EB7FCAB1A06D54500986315 /* Runtime */ = {
			isa = PBXGroup;
			children = (
				6EB7FCAC1A06D54500986315 /* CTBlockDescription.h */,
				6EB7FCAD1A06D54500986315 /* CTBlockDescription.m */,
			);
			path = Runtime;
			sourceTree = "<group>";
		};
		6ED45C4019140CB20022AAF9 /* ActiveModel */ = {
			isa = PBXGroup;
			children = (
				6ED45C4119140CE50022AAF9 /* VMActiveModel.h */,
				6ED45C4219140CE50022AAF9 /* VMActiveModel.m */,
				6EA2F4A619155EF200D4DCFC /* VMValidatableModel.h */,
				6EA2F4A719155EF200D4DCFC /* VMValidatableModel.m */,
				6ED45C4519140D220022AAF9 /* VMActiveModelManipulating.h */,
				6EA2F4AA19155F1100D4DCFC /* VMModelValidating.h */,
				6ED45C4719140F570022AAF9 /* VMActiveModelValidation.h */,
			);
			path = ActiveModel;
			sourceTree = "<group>";
		};
		6ED4831D19043F4B00C82AA1 /* Interfaces */ = {
			isa = PBXGroup;
			children = (
				6ED4831E19043F6300C82AA1 /* VMKeyProviding.h */,
			);
			path = Interfaces;
			sourceTree = "<group>";
		};
		6ED483201904442D00C82AA1 /* Logging */ = {
			isa = PBXGroup;
			children = (
				6ED483211904445E00C82AA1 /* VMLog.h */,
			);
			path = Logging;
			sourceTree = "<group>";
		};
		6EE9BC5318CBA999000B2300 /* Services */ = {
			isa = PBXGroup;
			children = (
				6EFA222F18CBAA6200F7EA40 /* VMGameCenterService.h */,
				6EFA223018CBAA6200F7EA40 /* VMGameCenterService.m */,
			);
			path = Services;
			sourceTree = "<group>";
		};
/* End PBXGroup section */

/* Begin PBXHeadersBuildPhase section */
		6E26775A1A17FC7300A42ECB /* Headers */ = {
			isa = PBXHeadersBuildPhase;
			buildActionMask = 2147483647;
			files = (
				6E2677621A17FC7400A42ECB /* BlumenkranzFramework.h in Headers */,
				6E26779D1A17FD8300A42ECB /* VMTypes.h in Headers */,
				6E2677A11A17FD8C00A42ECB /* NSDictionary+VMExtension.h in Headers */,
				6E26779F1A17FD8300A42ECB /* VMSingletone.h in Headers */,
				6E26778A1A17FD5200A42ECB /* VMInjection.h in Headers */,
				6E2677951A17FD6C00A42ECB /* VMLog.h in Headers */,
				6E2677881A17FD5200A42ECB /* VMContext.h in Headers */,
				6E26778B1A17FD5200A42ECB /* VMContextInjecting.h in Headers */,
				6E26779A1A17FD7A00A42ECB /* NSObject+VMExtension.h in Headers */,
				6E2677A31A17FD8C00A42ECB /* NSMutableDictionary+VMExtension.h in Headers */,
				6E2677911A17FD6200A42ECB /* VMRandom.h in Headers */,
				6E2677AB1A17FD9C00A42ECB /* VMCircularLoaderView.h in Headers */,
				6E26777F1A17FD2500A42ECB /* VMActiveModel.h in Headers */,
				6E26778D1A17FD5200A42ECB /* VMContextBindingManager.h in Headers */,
				6E2677831A17FD2500A42ECB /* VMActiveModelManipulating.h in Headers */,
				6E2677A51A17FD8C00A42ECB /* NSArray+VMExtension.h in Headers */,
				6E26778C1A17FD5200A42ECB /* VMContextProviding.h in Headers */,
				6E2677AD1A17FDA100A42ECB /* VMSequenceView.h in Headers */,
				6E2677841A17FD2500A42ECB /* VMModelValidating.h in Headers */,
				6E26778F1A17FD5800A42ECB /* VMGameCenterService.h in Headers */,
				6E2677AF1A17FDA600A42ECB /* UIColor+VMExtension.h in Headers */,
				6E2677851A17FD2500A42ECB /* VMActiveModelValidation.h in Headers */,
				6E2677B11A17FDA600A42ECB /* UIImage+VMExtension.h in Headers */,
				6E26779E1A17FD8300A42ECB /* VMPlatform.h in Headers */,
				6E2677A71A17FD8C00A42ECB /* NSMutableArray+VMExtension.h in Headers */,
				6E2677A91A17FD9600A42ECB /* VMViewController.h in Headers */,
				6E2677811A17FD2500A42ECB /* VMValidatableModel.h in Headers */,
				6E2677961A17FD7000A42ECB /* VMClassCheckUtils.h in Headers */,
				6E26779C1A17FD8300A42ECB /* VMAssertion.h in Headers */,
				6E2677981A17FD7500A42ECB /* NSString+VMExtension.h in Headers */,
				6E2677931A17FD6700A42ECB /* CTBlockDescription.h in Headers */,
				6E2677861A17FD2C00A42ECB /* VMKeyProviding.h in Headers */,
			);
			runOnlyForDeploymentPostprocessing = 0;
		};
		6EA8DAEF18C8FB8100F04908 /* Headers */ = {
			isa = PBXHeadersBuildPhase;
			buildActionMask = 2147483647;
			files = (
				6EA8DAF018C8FB8B00F04908 /* Blumenkranz.h in Headers */,
				6EFA223118CBAA6200F7EA40 /* VMGameCenterService.h in Headers */,
				6E9B1A4318CDE3EE0024FF97 /* VMSequenceView.h in Headers */,
				6E7DBA1E18CB9739004B876C /* NSString+VMExtension.h in Headers */,
				6E2677871A17FD4A00A42ECB /* VMContextProviding.h in Headers */,
				6ED45C4319140CE50022AAF9 /* VMActiveModel.h in Headers */,
				6ED4831F19043FAB00C82AA1 /* VMKeyProviding.h in Headers */,
				6ED45C4619140D260022AAF9 /* VMActiveModelManipulating.h in Headers */,
				6E0D7DBF18CD088100E99516 /* NSMutableArray+VMExtension.h in Headers */,
				6E1C97D618F477CA008059A8 /* VMContext.h in Headers */,
				6EFA223618CBACC300F7EA40 /* VMTypes.h in Headers */,
				6E7DBA0918CB8A8B004B876C /* UIImage+VMExtension.h in Headers */,
				6ED483181904388E00C82AA1 /* VMContextInjecting.h in Headers */,
				6E7DBA0518CB8A31004B876C /* UIColor+VMExtension.h in Headers */,
				6ED483171904388E00C82AA1 /* VMInjection.h in Headers */,
				6E0D7DBB18CCFF4200E99516 /* NSMutableDictionary+VMExtension.h in Headers */,
				6E9B1A4618CDE5810024FF97 /* VMPlatform.h in Headers */,
				6E7DBA1518CB8D0A004B876C /* VMRandom.h in Headers */,
				6ED483231904445E00C82AA1 /* VMLog.h in Headers */,
				6EA2F4AB19155F1100D4DCFC /* VMModelValidating.h in Headers */,
				6EA8DB1418C9019300F04908 /* VMBlumenkranz.h in Headers */,
				6E7DBA0D18CB8AD9004B876C /* VMAssertion.h in Headers */,
				6E1C97D118F4732D008059A8 /* VMViewController.h in Headers */,
				6E1C97DD18F47C7A008059A8 /* VMClassCheckUtils.h in Headers */,
				6ED4831B19043C2E00C82AA1 /* VMContextBindingManager.h in Headers */,
				6EA2F4A819155EF200D4DCFC /* VMValidatableModel.h in Headers */,
				6E7DBA0018CB89E6004B876C /* NSArray+VMExtension.h in Headers */,
				6E47163319C614E1004F1BD3 /* VMCircularLoaderView.h in Headers */,
				6E839A3C18CB893700664C67 /* NSDictionary+VMExtension.h in Headers */,
				6E2677A01A17FD8300A42ECB /* VMSingletone.h in Headers */,
				6ED45C4819140F570022AAF9 /* VMActiveModelValidation.h in Headers */,
				6E7DBA1118CB8C77004B876C /* NSObject+VMExtension.h in Headers */,
				6EB7FCAE1A06D54500986315 /* CTBlockDescription.h in Headers */,
			);
			runOnlyForDeploymentPostprocessing = 0;
		};
/* End PBXHeadersBuildPhase section */

/* Begin PBXNativeTarget section */
		6E26775C1A17FC7300A42ECB /* BlumenkranzFramework */ = {
			isa = PBXNativeTarget;
			buildConfigurationList = 6E2677701A17FC7400A42ECB /* Build configuration list for PBXNativeTarget "BlumenkranzFramework" */;
			buildPhases = (
				6E2677581A17FC7300A42ECB /* Sources */,
				6E2677591A17FC7300A42ECB /* Frameworks */,
				6E26775A1A17FC7300A42ECB /* Headers */,
				6E26775B1A17FC7300A42ECB /* Resources */,
			);
			buildRules = (
			);
			dependencies = (
				6E2677B71A18003A00A42ECB /* PBXTargetDependency */,
			);
			name = BlumenkranzFramework;
			productName = BlumenkranzFramework;
			productReference = 6E26775D1A17FC7300A42ECB /* BlumenkranzFramework.framework */;
			productType = "com.apple.product-type.framework";
		};
		6E37F12218C8F734000BD94B /* Blumenkranz */ = {
			isa = PBXNativeTarget;
			buildConfigurationList = 6E37F14618C8F734000BD94B /* Build configuration list for PBXNativeTarget "Blumenkranz" */;
			buildPhases = (
				6E37F11F18C8F734000BD94B /* Sources */,
				6E37F12018C8F734000BD94B /* Frameworks */,
				6EA8DAEF18C8FB8100F04908 /* Headers */,
			);
			buildRules = (
			);
			dependencies = (
				6EA8DB0C18C8FFCC00F04908 /* PBXTargetDependency */,
			);
			name = Blumenkranz;
			productName = Blumenkranz;
			productReference = 6E37F12318C8F734000BD94B /* libBlumenkranz.a */;
			productType = "com.apple.product-type.library.static";
		};
		6E37F13218C8F734000BD94B /* Blumenkranz Unit Tests */ = {
			isa = PBXNativeTarget;
			buildConfigurationList = 6E37F14918C8F734000BD94B /* Build configuration list for PBXNativeTarget "Blumenkranz Unit Tests" */;
			buildPhases = (
				6E37F12F18C8F734000BD94B /* Sources */,
				6E37F13018C8F734000BD94B /* Frameworks */,
				6E37F13118C8F734000BD94B /* Resources */,
			);
			buildRules = (
			);
			dependencies = (
				6E37F13A18C8F734000BD94B /* PBXTargetDependency */,
			);
			name = "Blumenkranz Unit Tests";
			productName = BlumenkranzTests;
			productReference = 6E37F13318C8F734000BD94B /* Blumenkranz Unit Tests.xctest */;
			productType = "com.apple.product-type.bundle.unit-test";
		};
		6EA8DAFD18C8FEB400F04908 /* Blumenkranz Resources */ = {
			isa = PBXNativeTarget;
			buildConfigurationList = 6EA8DB0818C8FEB500F04908 /* Build configuration list for PBXNativeTarget "Blumenkranz Resources" */;
			buildPhases = (
				6EA8DAFA18C8FEB400F04908 /* Sources */,
				6EA8DAFB18C8FEB400F04908 /* Frameworks */,
				6EA8DAFC18C8FEB400F04908 /* Resources */,
			);
			buildRules = (
			);
			dependencies = (
			);
			name = "Blumenkranz Resources";
			productName = BlumenkranzResources;
			productReference = 6EA8DAFE18C8FEB400F04908 /* Blumenkranz.bundle */;
			productType = "com.apple.product-type.bundle";
		};
/* End PBXNativeTarget section */

/* Begin PBXProject section */
		6E37F11B18C8F734000BD94B /* Project object */ = {
			isa = PBXProject;
			attributes = {
				LastUpgradeCheck = 0510;
				ORGANIZATIONNAME = VisualMyth;
				TargetAttributes = {
					6E26775C1A17FC7300A42ECB = {
						CreatedOnToolsVersion = 6.1;
					};
					6E37F13218C8F734000BD94B = {
						TestTargetID = 6E37F12218C8F734000BD94B;
					};
				};
			};
			buildConfigurationList = 6E37F11E18C8F734000BD94B /* Build configuration list for PBXProject "Blumenkranz" */;
			compatibilityVersion = "Xcode 3.2";
			developmentRegion = English;
			hasScannedForEncodings = 0;
			knownRegions = (
				en,
				ru,
			);
			mainGroup = 6E37F11A18C8F734000BD94B;
			productRefGroup = 6E37F12418C8F734000BD94B /* Products */;
			projectDirPath = "";
			projectRoot = "";
			targets = (
				6E37F12218C8F734000BD94B /* Blumenkranz */,
				6E26775C1A17FC7300A42ECB /* BlumenkranzFramework */,
				6EA8DAFD18C8FEB400F04908 /* Blumenkranz Resources */,
				6E37F13218C8F734000BD94B /* Blumenkranz Unit Tests */,
			);
		};
/* End PBXProject section */

/* Begin PBXResourcesBuildPhase section */
		6E26775B1A17FC7300A42ECB /* Resources */ = {
			isa = PBXResourcesBuildPhase;
			buildActionMask = 2147483647;
			files = (
			);
			runOnlyForDeploymentPostprocessing = 0;
		};
		6E37F13118C8F734000BD94B /* Resources */ = {
			isa = PBXResourcesBuildPhase;
			buildActionMask = 2147483647;
			files = (
			);
			runOnlyForDeploymentPostprocessing = 0;
		};
		6EA8DAFC18C8FEB400F04908 /* Resources */ = {
			isa = PBXResourcesBuildPhase;
			buildActionMask = 2147483647;
			files = (
			);
			runOnlyForDeploymentPostprocessing = 0;
		};
/* End PBXResourcesBuildPhase section */

/* Begin PBXSourcesBuildPhase section */
		6E2677581A17FC7300A42ECB /* Sources */ = {
			isa = PBXSourcesBuildPhase;
			buildActionMask = 2147483647;
			files = (
				6E2677821A17FD2500A42ECB /* VMValidatableModel.m in Sources */,
				6E2677801A17FD2500A42ECB /* VMActiveModel.m in Sources */,
				6E2677B21A17FDA600A42ECB /* UIImage+VMExtension.m in Sources */,
				6E2677B01A17FDA600A42ECB /* UIColor+VMExtension.m in Sources */,
				6E26778E1A17FD5200A42ECB /* VMContextBindingManager.m in Sources */,
				6E2677991A17FD7500A42ECB /* NSString+VMExtension.m in Sources */,
				6E2677A81A17FD8C00A42ECB /* NSMutableArray+VMExtension.m in Sources */,
				6E2677A41A17FD8C00A42ECB /* NSMutableDictionary+VMExtension.m in Sources */,
				6E2677A61A17FD8C00A42ECB /* NSArray+VMExtension.m in Sources */,
				6E2677AA1A17FD9600A42ECB /* VMViewController.m in Sources */,
				6E26779B1A17FD7A00A42ECB /* NSObject+VMExtension.m in Sources */,
				6E2677891A17FD5200A42ECB /* VMContext.m in Sources */,
				6E2677901A17FD5800A42ECB /* VMGameCenterService.m in Sources */,
				6E2677AE1A17FDA100A42ECB /* VMSequenceView.m in Sources */,
				6E2677AC1A17FD9C00A42ECB /* VMCircularLoaderView.m in Sources */,
				6E2677941A17FD6700A42ECB /* CTBlockDescription.m in Sources */,
				6E2677971A17FD7000A42ECB /* VMClassCheckUtils.m in Sources */,
				6E2677921A17FD6200A42ECB /* VMRandom.m in Sources */,
				6E2677A21A17FD8C00A42ECB /* NSDictionary+VMExtension.m in Sources */,
			);
			runOnlyForDeploymentPostprocessing = 0;
		};
		6E37F11F18C8F734000BD94B /* Sources */ = {
			isa = PBXSourcesBuildPhase;
			buildActionMask = 2147483647;
			files = (
				6E7DBA1218CB8C77004B876C /* NSObject+VMExtension.m in Sources */,
				6E7DBA0618CB8A31004B876C /* UIColor+VMExtension.m in Sources */,
				6ED4831C19043C2E00C82AA1 /* VMContextBindingManager.m in Sources */,
				6E7DBA0118CB89E6004B876C /* NSArray+VMExtension.m in Sources */,
				6EA8DB1518C9019300F04908 /* VMBlumenkranz.m in Sources */,
				6E0D7DC018CD088100E99516 /* NSMutableArray+VMExtension.m in Sources */,
				6E1C97DE18F47C7A008059A8 /* VMClassCheckUtils.m in Sources */,
				6E0D7DBC18CCFF4200E99516 /* NSMutableDictionary+VMExtension.m in Sources */,
				6E9B1A4418CDE3EE0024FF97 /* VMSequenceView.m in Sources */,
				6EB7FCAF1A06D54500986315 /* CTBlockDescription.m in Sources */,
				6E7DBA1F18CB9739004B876C /* NSString+VMExtension.m in Sources */,
				6E7DBA0A18CB8A8B004B876C /* UIImage+VMExtension.m in Sources */,
				6ED45C4419140CE50022AAF9 /* VMActiveModel.m in Sources */,
				6EA2F4A919155EF200D4DCFC /* VMValidatableModel.m in Sources */,
				6EFA223218CBAA6200F7EA40 /* VMGameCenterService.m in Sources */,
				6E7DBA1618CB8D0A004B876C /* VMRandom.m in Sources */,
				6E1C97D218F4732D008059A8 /* VMViewController.m in Sources */,
				6E1C97D718F477CA008059A8 /* VMContext.m in Sources */,
				6E839A3D18CB893700664C67 /* NSDictionary+VMExtension.m in Sources */,
				6E47163419C614E1004F1BD3 /* VMCircularLoaderView.m in Sources */,
			);
			runOnlyForDeploymentPostprocessing = 0;
		};
		6E37F12F18C8F734000BD94B /* Sources */ = {
			isa = PBXSourcesBuildPhase;
			buildActionMask = 2147483647;
			files = (
				6EB7FCB21A06E39B00986315 /* NSDictionary+VMExtension.m in Sources */,
				6ED45C4A191421130022AAF9 /* ActiveModelTests.m in Sources */,
				6E37F14318C8F734000BD94B /* BlumenkranzTests.m in Sources */,
				6EA70D8119083D9B0088AFB9 /* InjectionTests.m in Sources */,
				6EB7FCB51A06E39B00986315 /* NSMutableArray+VMExtension.m in Sources */,
				6EB7FCB31A06E39B00986315 /* NSMutableDictionary+VMExtension.m in Sources */,
				6EB7FCA81A06D40C00986315 /* DictionaryTests.m in Sources */,
				6EB7FCB11A06DBE600986315 /* NSObject+VMExtension.m in Sources */,
				6EB7FCA61A06D36600986315 /* ArrayTests.m in Sources */,
				6EB7FCB41A06E39B00986315 /* NSArray+VMExtension.m in Sources */,
				6EB7FCAA1A06D42800986315 /* ObjectTests.m in Sources */,
				6E47163519C614E1004F1BD3 /* VMCircularLoaderView.m in Sources */,
			);
			runOnlyForDeploymentPostprocessing = 0;
		};
		6EA8DAFA18C8FEB400F04908 /* Sources */ = {
			isa = PBXSourcesBuildPhase;
			buildActionMask = 2147483647;
			files = (
			);
			runOnlyForDeploymentPostprocessing = 0;
		};
/* End PBXSourcesBuildPhase section */

/* Begin PBXTargetDependency section */
		6E2677B71A18003A00A42ECB /* PBXTargetDependency */ = {
			isa = PBXTargetDependency;
			target = 6E37F12218C8F734000BD94B /* Blumenkranz */;
			targetProxy = 6E2677B61A18003A00A42ECB /* PBXContainerItemProxy */;
		};
		6E37F13A18C8F734000BD94B /* PBXTargetDependency */ = {
			isa = PBXTargetDependency;
			target = 6E37F12218C8F734000BD94B /* Blumenkranz */;
			targetProxy = 6E37F13918C8F734000BD94B /* PBXContainerItemProxy */;
		};
		6EA8DB0C18C8FFCC00F04908 /* PBXTargetDependency */ = {
			isa = PBXTargetDependency;
			target = 6EA8DAFD18C8FEB400F04908 /* Blumenkranz Resources */;
			targetProxy = 6EA8DB0B18C8FFCC00F04908 /* PBXContainerItemProxy */;
		};
/* End PBXTargetDependency section */

/* Begin XCBuildConfiguration section */
		6E2677711A17FC7400A42ECB /* Debug */ = {
			isa = XCBuildConfiguration;
			buildSettings = {
				CLANG_WARN_UNREACHABLE_CODE = YES;
				"CODE_SIGN_IDENTITY[sdk=iphoneos*]" = "iPhone Developer";
				CURRENT_PROJECT_VERSION = 1;
				DEFINES_MODULE = YES;
				DYLIB_COMPATIBILITY_VERSION = 1;
				DYLIB_CURRENT_VERSION = 1;
				DYLIB_INSTALL_NAME_BASE = "@rpath";
				ENABLE_STRICT_OBJC_MSGSEND = YES;
				GCC_PREFIX_HEADER = BlumenkranzFramework/BlumenkranzFramework.pch;
				GCC_PREPROCESSOR_DEFINITIONS = (
					"DEBUG=1",
					"$(inherited)",
				);
				GCC_WARN_UNINITIALIZED_AUTOS = YES_AGGRESSIVE;
				INFOPLIST_FILE = BlumenkranzFramework/Info.plist;
				INSTALL_PATH = "$(LOCAL_LIBRARY_DIR)/Frameworks";
				IPHONEOS_DEPLOYMENT_TARGET = 8.1;
				LD_RUNPATH_SEARCH_PATHS = "$(inherited) @executable_path/Frameworks @loader_path/Frameworks";
				MTL_ENABLE_DEBUG_INFO = YES;
				PRODUCT_NAME = "$(TARGET_NAME)";
				SKIP_INSTALL = YES;
				TARGETED_DEVICE_FAMILY = "1,2";
				VERSIONING_SYSTEM = "apple-generic";
				VERSION_INFO_PREFIX = "";
			};
			name = Debug;
		};
		6E2677721A17FC7400A42ECB /* Release */ = {
			isa = XCBuildConfiguration;
			buildSettings = {
				CLANG_WARN_UNREACHABLE_CODE = YES;
				"CODE_SIGN_IDENTITY[sdk=iphoneos*]" = "iPhone Developer";
				COPY_PHASE_STRIP = YES;
				CURRENT_PROJECT_VERSION = 1;
				DEFINES_MODULE = YES;
				DYLIB_COMPATIBILITY_VERSION = 1;
				DYLIB_CURRENT_VERSION = 1;
				DYLIB_INSTALL_NAME_BASE = "@rpath";
				ENABLE_STRICT_OBJC_MSGSEND = YES;
				GCC_PREFIX_HEADER = BlumenkranzFramework/BlumenkranzFramework.pch;
				GCC_WARN_UNINITIALIZED_AUTOS = YES_AGGRESSIVE;
				INFOPLIST_FILE = BlumenkranzFramework/Info.plist;
				INSTALL_PATH = "$(LOCAL_LIBRARY_DIR)/Frameworks";
				IPHONEOS_DEPLOYMENT_TARGET = 8.1;
				LD_RUNPATH_SEARCH_PATHS = "$(inherited) @executable_path/Frameworks @loader_path/Frameworks";
				MTL_ENABLE_DEBUG_INFO = NO;
				PRODUCT_NAME = "$(TARGET_NAME)";
				SKIP_INSTALL = YES;
				TARGETED_DEVICE_FAMILY = "1,2";
				VERSIONING_SYSTEM = "apple-generic";
				VERSION_INFO_PREFIX = "";
			};
			name = Release;
		};
		6E37F14418C8F734000BD94B /* Debug */ = {
			isa = XCBuildConfiguration;
			buildSettings = {
				ALWAYS_SEARCH_USER_PATHS = NO;
				CLANG_CXX_LANGUAGE_STANDARD = "gnu++0x";
				CLANG_CXX_LIBRARY = "libc++";
				CLANG_ENABLE_MODULES = YES;
				CLANG_ENABLE_OBJC_ARC = YES;
				CLANG_WARN_BOOL_CONVERSION = YES;
				CLANG_WARN_CONSTANT_CONVERSION = YES;
				CLANG_WARN_DIRECT_OBJC_ISA_USAGE = YES_ERROR;
				CLANG_WARN_EMPTY_BODY = YES;
				CLANG_WARN_ENUM_CONVERSION = YES;
				CLANG_WARN_INT_CONVERSION = YES;
				CLANG_WARN_OBJC_ROOT_CLASS = YES_ERROR;
				CLANG_WARN__DUPLICATE_METHOD_MATCH = YES;
				COPY_PHASE_STRIP = NO;
				DEAD_CODE_STRIPPING = NO;
				GCC_C_LANGUAGE_STANDARD = gnu99;
				GCC_DYNAMIC_NO_PIC = NO;
				GCC_OPTIMIZATION_LEVEL = 0;
				GCC_PREPROCESSOR_DEFINITIONS = (
					"DEBUG=1",
					"$(inherited)",
				);
				GCC_SYMBOLS_PRIVATE_EXTERN = NO;
				GCC_WARN_64_TO_32_BIT_CONVERSION = YES;
				GCC_WARN_ABOUT_RETURN_TYPE = YES_ERROR;
				GCC_WARN_UNDECLARED_SELECTOR = YES;
				GCC_WARN_UNINITIALIZED_AUTOS = YES;
				GCC_WARN_UNUSED_FUNCTION = YES;
				GCC_WARN_UNUSED_VARIABLE = YES;
				IPHONEOS_DEPLOYMENT_TARGET = 7.0;
				ONLY_ACTIVE_ARCH = YES;
				PUBLIC_HEADERS_FOLDER_PATH = "$(PROJECT_NAME)/Headers";
				SDKROOT = iphoneos;
				STRIP_INSTALLED_PRODUCT = YES;
				STRIP_STYLE = "non-global";
				VALID_ARCHS = "$(ARCHS_STANDARD_INCLUDING_64_BIT)";
			};
			name = Debug;
		};
		6E37F14518C8F734000BD94B /* Release */ = {
			isa = XCBuildConfiguration;
			buildSettings = {
				ALWAYS_SEARCH_USER_PATHS = NO;
				CLANG_CXX_LANGUAGE_STANDARD = "gnu++0x";
				CLANG_CXX_LIBRARY = "libc++";
				CLANG_ENABLE_MODULES = YES;
				CLANG_ENABLE_OBJC_ARC = YES;
				CLANG_WARN_BOOL_CONVERSION = YES;
				CLANG_WARN_CONSTANT_CONVERSION = YES;
				CLANG_WARN_DIRECT_OBJC_ISA_USAGE = YES_ERROR;
				CLANG_WARN_EMPTY_BODY = YES;
				CLANG_WARN_ENUM_CONVERSION = YES;
				CLANG_WARN_INT_CONVERSION = YES;
				CLANG_WARN_OBJC_ROOT_CLASS = YES_ERROR;
				CLANG_WARN__DUPLICATE_METHOD_MATCH = YES;
				COPY_PHASE_STRIP = NO;
				DEAD_CODE_STRIPPING = NO;
				ENABLE_NS_ASSERTIONS = NO;
				GCC_C_LANGUAGE_STANDARD = gnu99;
				GCC_WARN_64_TO_32_BIT_CONVERSION = YES;
				GCC_WARN_ABOUT_RETURN_TYPE = YES_ERROR;
				GCC_WARN_UNDECLARED_SELECTOR = YES;
				GCC_WARN_UNINITIALIZED_AUTOS = YES;
				GCC_WARN_UNUSED_FUNCTION = YES;
				GCC_WARN_UNUSED_VARIABLE = YES;
				IPHONEOS_DEPLOYMENT_TARGET = 7.0;
				ONLY_ACTIVE_ARCH = NO;
				PUBLIC_HEADERS_FOLDER_PATH = "$(PROJECT_NAME)/Headers";
				SDKROOT = iphoneos;
				STRIP_INSTALLED_PRODUCT = YES;
				STRIP_STYLE = "non-global";
				VALIDATE_PRODUCT = YES;
				VALID_ARCHS = "$(ARCHS_STANDARD_INCLUDING_64_BIT)";
			};
			name = Release;
		};
		6E37F14718C8F734000BD94B /* Debug */ = {
			isa = XCBuildConfiguration;
			buildSettings = {
				CLANG_ENABLE_MODULES = YES;
				DSTROOT = /tmp/Blumenkranz.dst;
				GCC_PRECOMPILE_PREFIX_HEADER = YES;
				GCC_PREFIX_HEADER = "Blumenkranz/Blumenkranz-Prefix.pch";
				LD_RUNPATH_SEARCH_PATHS = "$(inherited) @executable_path/Frameworks @loader_path/Frameworks";
				OTHER_LDFLAGS = "-ObjC";
				PRODUCT_NAME = "$(TARGET_NAME)";
				SKIP_INSTALL = YES;
				SWIFT_OBJC_BRIDGING_HEADER = "Blumenkranz/DataProviders/GEO/Blumenkranz-Bridging-Header.h";
				SWIFT_OPTIMIZATION_LEVEL = "-Onone";
			};
			name = Debug;
		};
		6E37F14818C8F734000BD94B /* Release */ = {
			isa = XCBuildConfiguration;
			buildSettings = {
				CLANG_ENABLE_MODULES = YES;
				DSTROOT = /tmp/Blumenkranz.dst;
				GCC_PRECOMPILE_PREFIX_HEADER = YES;
				GCC_PREFIX_HEADER = "Blumenkranz/Blumenkranz-Prefix.pch";
				LD_RUNPATH_SEARCH_PATHS = "$(inherited) @executable_path/Frameworks @loader_path/Frameworks";
				OTHER_LDFLAGS = "-ObjC";
				PRODUCT_NAME = "$(TARGET_NAME)";
				SKIP_INSTALL = YES;
				SWIFT_OBJC_BRIDGING_HEADER = "Blumenkranz/DataProviders/GEO/Blumenkranz-Bridging-Header.h";
			};
			name = Release;
		};
		6E37F14A18C8F734000BD94B /* Debug */ = {
			isa = XCBuildConfiguration;
			buildSettings = {
				FRAMEWORK_SEARCH_PATHS = (
					"$(SDKROOT)/Developer/Library/Frameworks",
					"$(inherited)",
					"$(DEVELOPER_FRAMEWORKS_DIR)",
				);
				GCC_PRECOMPILE_PREFIX_HEADER = YES;
				GCC_PREFIX_HEADER = "Blumenkranz/Blumenkranz-Prefix.pch";
				GCC_PREPROCESSOR_DEFINITIONS = (
					"DEBUG=1",
					"$(inherited)",
				);
				INFOPLIST_FILE = "BlumenkranzTests/BlumenkranzTests-Info.plist";
				PRODUCT_NAME = "$(TARGET_NAME)";
				WRAPPER_EXTENSION = xctest;
			};
			name = Debug;
		};
		6E37F14B18C8F734000BD94B /* Release */ = {
			isa = XCBuildConfiguration;
			buildSettings = {
				FRAMEWORK_SEARCH_PATHS = (
					"$(SDKROOT)/Developer/Library/Frameworks",
					"$(inherited)",
					"$(DEVELOPER_FRAMEWORKS_DIR)",
				);
				GCC_PRECOMPILE_PREFIX_HEADER = YES;
				GCC_PREFIX_HEADER = "Blumenkranz/Blumenkranz-Prefix.pch";
				INFOPLIST_FILE = "BlumenkranzTests/BlumenkranzTests-Info.plist";
				PRODUCT_NAME = "$(TARGET_NAME)";
				WRAPPER_EXTENSION = xctest;
			};
			name = Release;
		};
		6EA8DB0918C8FEB500F04908 /* Debug */ = {
			isa = XCBuildConfiguration;
			buildSettings = {
				GCC_ENABLE_OBJC_EXCEPTIONS = YES;
				GCC_PRECOMPILE_PREFIX_HEADER = YES;
				GCC_PREFIX_HEADER = "BlumenkranzResources/BlumenkranzResources-Prefix.pch";
				GCC_PREPROCESSOR_DEFINITIONS = (
					"DEBUG=1",
					"$(inherited)",
				);
				INFOPLIST_FILE = "BlumenkranzResources/BlumenkranzResources-Info.plist";
				INSTALL_PATH = "$(LOCAL_LIBRARY_DIR)/Bundles";
				MACOSX_DEPLOYMENT_TARGET = 10.9;
				ONLY_ACTIVE_ARCH = NO;
				PRODUCT_NAME = Blumenkranz;
				SDKROOT = iphoneos;
				WRAPPER_EXTENSION = bundle;
			};
			name = Debug;
		};
		6EA8DB0A18C8FEB500F04908 /* Release */ = {
			isa = XCBuildConfiguration;
			buildSettings = {
				COPY_PHASE_STRIP = YES;
				DEBUG_INFORMATION_FORMAT = "dwarf-with-dsym";
				GCC_ENABLE_OBJC_EXCEPTIONS = YES;
				GCC_PRECOMPILE_PREFIX_HEADER = YES;
				GCC_PREFIX_HEADER = "BlumenkranzResources/BlumenkranzResources-Prefix.pch";
				INFOPLIST_FILE = "BlumenkranzResources/BlumenkranzResources-Info.plist";
				INSTALL_PATH = "$(LOCAL_LIBRARY_DIR)/Bundles";
				MACOSX_DEPLOYMENT_TARGET = 10.9;
				ONLY_ACTIVE_ARCH = NO;
				PRODUCT_NAME = Blumenkranz;
				SDKROOT = iphoneos;
				WRAPPER_EXTENSION = bundle;
			};
			name = Release;
		};
/* End XCBuildConfiguration section */

/* Begin XCConfigurationList section */
		6E2677701A17FC7400A42ECB /* Build configuration list for PBXNativeTarget "BlumenkranzFramework" */ = {
			isa = XCConfigurationList;
			buildConfigurations = (
				6E2677711A17FC7400A42ECB /* Debug */,
				6E2677721A17FC7400A42ECB /* Release */,
			);
			defaultConfigurationIsVisible = 0;
			defaultConfigurationName = Release;
		};
		6E37F11E18C8F734000BD94B /* Build configuration list for PBXProject "Blumenkranz" */ = {
			isa = XCConfigurationList;
			buildConfigurations = (
				6E37F14418C8F734000BD94B /* Debug */,
				6E37F14518C8F734000BD94B /* Release */,
			);
			defaultConfigurationIsVisible = 0;
			defaultConfigurationName = Release;
		};
		6E37F14618C8F734000BD94B /* Build configuration list for PBXNativeTarget "Blumenkranz" */ = {
			isa = XCConfigurationList;
			buildConfigurations = (
				6E37F14718C8F734000BD94B /* Debug */,
				6E37F14818C8F734000BD94B /* Release */,
			);
			defaultConfigurationIsVisible = 0;
			defaultConfigurationName = Release;
		};
		6E37F14918C8F734000BD94B /* Build configuration list for PBXNativeTarget "Blumenkranz Unit Tests" */ = {
			isa = XCConfigurationList;
			buildConfigurations = (
				6E37F14A18C8F734000BD94B /* Debug */,
				6E37F14B18C8F734000BD94B /* Release */,
			);
			defaultConfigurationIsVisible = 0;
			defaultConfigurationName = Release;
		};
		6EA8DB0818C8FEB500F04908 /* Build configuration list for PBXNativeTarget "Blumenkranz Resources" */ = {
			isa = XCConfigurationList;
			buildConfigurations = (
				6EA8DB0918C8FEB500F04908 /* Debug */,
				6EA8DB0A18C8FEB500F04908 /* Release */,
			);
			defaultConfigurationIsVisible = 0;
			defaultConfigurationName = Release;
		};
/* End XCConfigurationList section */
	};
	rootObject = 6E37F11B18C8F734000BD94B /* Project object */;
}
